// !$*UTF8*$!
{
	archiveVersion = 1;
	classes = {
	};
	objectVersion = 56;
	objects = {

/* Begin PBXBuildFile section */
		C91A69A9293589DF008B6B52 /* ReminderViewController.swift in Sources */ = {isa = PBXBuildFile; fileRef = C91A69A8293589DF008B6B52 /* ReminderViewController.swift */; };
		C91A69AE29358F57008B6B52 /* ReminderViewController+Row.swift in Sources */ = {isa = PBXBuildFile; fileRef = C91A69AD29358F57008B6B52 /* ReminderViewController+Row.swift */; };
		C91A69B02935B77B008B6B52 /* ReminderViewController+Section.swift in Sources */ = {isa = PBXBuildFile; fileRef = C91A69AF2935B77B008B6B52 /* ReminderViewController+Section.swift */; };
		C91A69B2293789D5008B6B52 /* ReminderViewController+CellConfiguration.swift in Sources */ = {isa = PBXBuildFile; fileRef = C91A69B1293789D5008B6B52 /* ReminderViewController+CellConfiguration.swift */; };
		C91A69B5293A4E7E008B6B52 /* UIView+PinnedSubview.swift in Sources */ = {isa = PBXBuildFile; fileRef = C91A69B4293A4E7E008B6B52 /* UIView+PinnedSubview.swift */; };
		C91A69B7293A847E008B6B52 /* TextFieldContentView.swift in Sources */ = {isa = PBXBuildFile; fileRef = C91A69B6293A847E008B6B52 /* TextFieldContentView.swift */; };
		C91A69B9293A951A008B6B52 /* UIContentConfiguration+Stateless.swift in Sources */ = {isa = PBXBuildFile; fileRef = C91A69B8293A951A008B6B52 /* UIContentConfiguration+Stateless.swift */; };
		C91A69BB293B65F8008B6B52 /* TextViewContentView.swift in Sources */ = {isa = PBXBuildFile; fileRef = C91A69BA293B65F8008B6B52 /* TextViewContentView.swift */; };
		C91A69BD293C2DC1008B6B52 /* DatePickerContentView.swift in Sources */ = {isa = PBXBuildFile; fileRef = C91A69BC293C2DC1008B6B52 /* DatePickerContentView.swift */; };
		C91A69BF293C5850008B6B52 /* ReminderListStyle.swift in Sources */ = {isa = PBXBuildFile; fileRef = C91A69BE293C5850008B6B52 /* ReminderListStyle.swift */; };
		C91A69C1293C5E0D008B6B52 /* ProgressHeaderView.swift in Sources */ = {isa = PBXBuildFile; fileRef = C91A69C0293C5E0D008B6B52 /* ProgressHeaderView.swift */; };
		C91A69C3293C7291008B6B52 /* CAGradientLayer+ListStyle.swift in Sources */ = {isa = PBXBuildFile; fileRef = C91A69C2293C7291008B6B52 /* CAGradientLayer+ListStyle.swift */; };
		C91A69C5293D0919008B6B52 /* TodayError.swift in Sources */ = {isa = PBXBuildFile; fileRef = C91A69C4293D0919008B6B52 /* TodayError.swift */; };
		C91A69C7293D0A29008B6B52 /* EKEventStore+AsyncFetch.swift in Sources */ = {isa = PBXBuildFile; fileRef = C91A69C6293D0A29008B6B52 /* EKEventStore+AsyncFetch.swift */; };
		C91A69C9293D127E008B6B52 /* Reminder+EKReminder.swift in Sources */ = {isa = PBXBuildFile; fileRef = C91A69C8293D127E008B6B52 /* Reminder+EKReminder.swift */; };
		C91A69CB293D2433008B6B52 /* ReminderStore.swift in Sources */ = {isa = PBXBuildFile; fileRef = C91A69CA293D2433008B6B52 /* ReminderStore.swift */; };
		C91A69CD293D6732008B6B52 /* EKReminder+Reminder.swift in Sources */ = {isa = PBXBuildFile; fileRef = C91A69CC293D6732008B6B52 /* EKReminder+Reminder.swift */; };
		C949533229329F0B0052DFC6 /* AppDelegate.swift in Sources */ = {isa = PBXBuildFile; fileRef = C949533129329F0B0052DFC6 /* AppDelegate.swift */; };
		C949533429329F0B0052DFC6 /* SceneDelegate.swift in Sources */ = {isa = PBXBuildFile; fileRef = C949533329329F0B0052DFC6 /* SceneDelegate.swift */; };
		C949533629329F0B0052DFC6 /* ReminderListViewController.swift in Sources */ = {isa = PBXBuildFile; fileRef = C949533529329F0B0052DFC6 /* ReminderListViewController.swift */; };
		C949533929329F0B0052DFC6 /* Main.storyboard in Resources */ = {isa = PBXBuildFile; fileRef = C949533729329F0B0052DFC6 /* Main.storyboard */; };
		C949533B29329F0C0052DFC6 /* Assets.xcassets in Resources */ = {isa = PBXBuildFile; fileRef = C949533A29329F0C0052DFC6 /* Assets.xcassets */; };
		C949533E29329F0C0052DFC6 /* LaunchScreen.storyboard in Resources */ = {isa = PBXBuildFile; fileRef = C949533C29329F0C0052DFC6 /* LaunchScreen.storyboard */; };
		C949534929329F0C0052DFC6 /* TodayTests.swift in Sources */ = {isa = PBXBuildFile; fileRef = C949534829329F0C0052DFC6 /* TodayTests.swift */; };
		C949535329329F0C0052DFC6 /* TodayUITests.swift in Sources */ = {isa = PBXBuildFile; fileRef = C949535229329F0C0052DFC6 /* TodayUITests.swift */; };
		C949535529329F0C0052DFC6 /* TodayUITestsLaunchTests.swift in Sources */ = {isa = PBXBuildFile; fileRef = C949535429329F0C0052DFC6 /* TodayUITestsLaunchTests.swift */; };
		C94953632932A0E50052DFC6 /* Reminder.swift in Sources */ = {isa = PBXBuildFile; fileRef = C94953622932A0E50052DFC6 /* Reminder.swift */; };
		C9495365293300D20052DFC6 /* Date+Today.swift in Sources */ = {isa = PBXBuildFile; fileRef = C9495364293300D20052DFC6 /* Date+Today.swift */; };
		C9495368293305120052DFC6 /* ReminderListViewController+DataSource.swift in Sources */ = {isa = PBXBuildFile; fileRef = C9495367293305120052DFC6 /* ReminderListViewController+DataSource.swift */; };
		C949536A29330C870052DFC6 /* UIColor+Today.swift in Sources */ = {isa = PBXBuildFile; fileRef = C949536929330C870052DFC6 /* UIColor+Today.swift */; };
		C949536C293428BD0052DFC6 /* ReminderDoneButton.swift in Sources */ = {isa = PBXBuildFile; fileRef = C949536B293428BD0052DFC6 /* ReminderDoneButton.swift */; };
		C949536E2934297A0052DFC6 /* ReminderListViewController+Actions.swift in Sources */ = {isa = PBXBuildFile; fileRef = C949536D2934297A0052DFC6 /* ReminderListViewController+Actions.swift */; };
/* End PBXBuildFile section */

/* Begin PBXContainerItemProxy section */
		C949534529329F0C0052DFC6 /* PBXContainerItemProxy */ = {
			isa = PBXContainerItemProxy;
			containerPortal = C949532629329F0B0052DFC6 /* Project object */;
			proxyType = 1;
			remoteGlobalIDString = C949532D29329F0B0052DFC6;
			remoteInfo = Today;
		};
		C949534F29329F0C0052DFC6 /* PBXContainerItemProxy */ = {
			isa = PBXContainerItemProxy;
			containerPortal = C949532629329F0B0052DFC6 /* Project object */;
			proxyType = 1;
			remoteGlobalIDString = C949532D29329F0B0052DFC6;
			remoteInfo = Today;
		};
/* End PBXContainerItemProxy section */

/* Begin PBXFileReference section */
		C91A69A8293589DF008B6B52 /* ReminderViewController.swift */ = {isa = PBXFileReference; lastKnownFileType = sourcecode.swift; path = ReminderViewController.swift; sourceTree = "<group>"; };
		C91A69AD29358F57008B6B52 /* ReminderViewController+Row.swift */ = {isa = PBXFileReference; lastKnownFileType = sourcecode.swift; path = "ReminderViewController+Row.swift"; sourceTree = "<group>"; };
		C91A69AF2935B77B008B6B52 /* ReminderViewController+Section.swift */ = {isa = PBXFileReference; lastKnownFileType = sourcecode.swift; path = "ReminderViewController+Section.swift"; sourceTree = "<group>"; };
		C91A69B1293789D5008B6B52 /* ReminderViewController+CellConfiguration.swift */ = {isa = PBXFileReference; lastKnownFileType = sourcecode.swift; path = "ReminderViewController+CellConfiguration.swift"; sourceTree = "<group>"; };
		C91A69B4293A4E7E008B6B52 /* UIView+PinnedSubview.swift */ = {isa = PBXFileReference; lastKnownFileType = sourcecode.swift; path = "UIView+PinnedSubview.swift"; sourceTree = "<group>"; };
		C91A69B6293A847E008B6B52 /* TextFieldContentView.swift */ = {isa = PBXFileReference; lastKnownFileType = sourcecode.swift; path = TextFieldContentView.swift; sourceTree = "<group>"; };
		C91A69B8293A951A008B6B52 /* UIContentConfiguration+Stateless.swift */ = {isa = PBXFileReference; lastKnownFileType = sourcecode.swift; path = "UIContentConfiguration+Stateless.swift"; sourceTree = "<group>"; };
		C91A69BA293B65F8008B6B52 /* TextViewContentView.swift */ = {isa = PBXFileReference; lastKnownFileType = sourcecode.swift; path = TextViewContentView.swift; sourceTree = "<group>"; };
		C91A69BC293C2DC1008B6B52 /* DatePickerContentView.swift */ = {isa = PBXFileReference; lastKnownFileType = sourcecode.swift; path = DatePickerContentView.swift; sourceTree = "<group>"; };
		C91A69BE293C5850008B6B52 /* ReminderListStyle.swift */ = {isa = PBXFileReference; lastKnownFileType = sourcecode.swift; path = ReminderListStyle.swift; sourceTree = "<group>"; };
		C91A69C0293C5E0D008B6B52 /* ProgressHeaderView.swift */ = {isa = PBXFileReference; lastKnownFileType = sourcecode.swift; path = ProgressHeaderView.swift; sourceTree = "<group>"; };
		C91A69C2293C7291008B6B52 /* CAGradientLayer+ListStyle.swift */ = {isa = PBXFileReference; lastKnownFileType = sourcecode.swift; path = "CAGradientLayer+ListStyle.swift"; sourceTree = "<group>"; };
		C91A69C4293D0919008B6B52 /* TodayError.swift */ = {isa = PBXFileReference; lastKnownFileType = sourcecode.swift; path = TodayError.swift; sourceTree = "<group>"; };
		C91A69C6293D0A29008B6B52 /* EKEventStore+AsyncFetch.swift */ = {isa = PBXFileReference; lastKnownFileType = sourcecode.swift; path = "EKEventStore+AsyncFetch.swift"; sourceTree = "<group>"; };
		C91A69C8293D127E008B6B52 /* Reminder+EKReminder.swift */ = {isa = PBXFileReference; lastKnownFileType = sourcecode.swift; path = "Reminder+EKReminder.swift"; sourceTree = "<group>"; };
		C91A69CA293D2433008B6B52 /* ReminderStore.swift */ = {isa = PBXFileReference; lastKnownFileType = sourcecode.swift; path = ReminderStore.swift; sourceTree = "<group>"; };
		C91A69CC293D6732008B6B52 /* EKReminder+Reminder.swift */ = {isa = PBXFileReference; lastKnownFileType = sourcecode.swift; path = "EKReminder+Reminder.swift"; sourceTree = "<group>"; };
		C949532E29329F0B0052DFC6 /* Today.app */ = {isa = PBXFileReference; explicitFileType = wrapper.application; includeInIndex = 0; path = Today.app; sourceTree = BUILT_PRODUCTS_DIR; };
		C949533129329F0B0052DFC6 /* AppDelegate.swift */ = {isa = PBXFileReference; lastKnownFileType = sourcecode.swift; path = AppDelegate.swift; sourceTree = "<group>"; };
		C949533329329F0B0052DFC6 /* SceneDelegate.swift */ = {isa = PBXFileReference; lastKnownFileType = sourcecode.swift; path = SceneDelegate.swift; sourceTree = "<group>"; };
		C949533529329F0B0052DFC6 /* ReminderListViewController.swift */ = {isa = PBXFileReference; lastKnownFileType = sourcecode.swift; path = ReminderListViewController.swift; sourceTree = "<group>"; };
		C949533829329F0B0052DFC6 /* Base */ = {isa = PBXFileReference; lastKnownFileType = file.storyboard; name = Base; path = Base.lproj/Main.storyboard; sourceTree = "<group>"; };
		C949533A29329F0C0052DFC6 /* Assets.xcassets */ = {isa = PBXFileReference; lastKnownFileType = folder.assetcatalog; path = Assets.xcassets; sourceTree = "<group>"; };
		C949533D29329F0C0052DFC6 /* Base */ = {isa = PBXFileReference; lastKnownFileType = file.storyboard; name = Base; path = Base.lproj/LaunchScreen.storyboard; sourceTree = "<group>"; };
		C949533F29329F0C0052DFC6 /* Info.plist */ = {isa = PBXFileReference; lastKnownFileType = text.plist.xml; path = Info.plist; sourceTree = "<group>"; };
		C949534429329F0C0052DFC6 /* TodayTests.xctest */ = {isa = PBXFileReference; explicitFileType = wrapper.cfbundle; includeInIndex = 0; path = TodayTests.xctest; sourceTree = BUILT_PRODUCTS_DIR; };
		C949534829329F0C0052DFC6 /* TodayTests.swift */ = {isa = PBXFileReference; lastKnownFileType = sourcecode.swift; path = TodayTests.swift; sourceTree = "<group>"; };
		C949534E29329F0C0052DFC6 /* TodayUITests.xctest */ = {isa = PBXFileReference; explicitFileType = wrapper.cfbundle; includeInIndex = 0; path = TodayUITests.xctest; sourceTree = BUILT_PRODUCTS_DIR; };
		C949535229329F0C0052DFC6 /* TodayUITests.swift */ = {isa = PBXFileReference; lastKnownFileType = sourcecode.swift; path = TodayUITests.swift; sourceTree = "<group>"; };
		C949535429329F0C0052DFC6 /* TodayUITestsLaunchTests.swift */ = {isa = PBXFileReference; lastKnownFileType = sourcecode.swift; path = TodayUITestsLaunchTests.swift; sourceTree = "<group>"; };
		C94953622932A0E50052DFC6 /* Reminder.swift */ = {isa = PBXFileReference; lastKnownFileType = sourcecode.swift; path = Reminder.swift; sourceTree = "<group>"; };
		C9495364293300D20052DFC6 /* Date+Today.swift */ = {isa = PBXFileReference; lastKnownFileType = sourcecode.swift; path = "Date+Today.swift"; sourceTree = "<group>"; };
		C9495367293305120052DFC6 /* ReminderListViewController+DataSource.swift */ = {isa = PBXFileReference; lastKnownFileType = sourcecode.swift; path = "ReminderListViewController+DataSource.swift"; sourceTree = "<group>"; };
		C949536929330C870052DFC6 /* UIColor+Today.swift */ = {isa = PBXFileReference; fileEncoding = 4; lastKnownFileType = sourcecode.swift; path = "UIColor+Today.swift"; sourceTree = "<group>"; };
		C949536B293428BD0052DFC6 /* ReminderDoneButton.swift */ = {isa = PBXFileReference; lastKnownFileType = sourcecode.swift; path = ReminderDoneButton.swift; sourceTree = "<group>"; };
		C949536D2934297A0052DFC6 /* ReminderListViewController+Actions.swift */ = {isa = PBXFileReference; lastKnownFileType = sourcecode.swift; path = "ReminderListViewController+Actions.swift"; sourceTree = "<group>"; };
/* End PBXFileReference section */

/* Begin PBXFrameworksBuildPhase section */
		C949532B29329F0B0052DFC6 /* Frameworks */ = {
			isa = PBXFrameworksBuildPhase;
			buildActionMask = 2147483647;
			files = (
			);
			runOnlyForDeploymentPostprocessing = 0;
		};
		C949534129329F0C0052DFC6 /* Frameworks */ = {
			isa = PBXFrameworksBuildPhase;
			buildActionMask = 2147483647;
			files = (
			);
			runOnlyForDeploymentPostprocessing = 0;
		};
		C949534B29329F0C0052DFC6 /* Frameworks */ = {
			isa = PBXFrameworksBuildPhase;
			buildActionMask = 2147483647;
			files = (
			);
			runOnlyForDeploymentPostprocessing = 0;
		};
/* End PBXFrameworksBuildPhase section */

/* Begin PBXGroup section */
		C91A69AC29358F28008B6B52 /* DetailViewController */ = {
			isa = PBXGroup;
			children = (
				C91A69A8293589DF008B6B52 /* ReminderViewController.swift */,
				C91A69AD29358F57008B6B52 /* ReminderViewController+Row.swift */,
				C91A69AF2935B77B008B6B52 /* ReminderViewController+Section.swift */,
				C91A69B1293789D5008B6B52 /* ReminderViewController+CellConfiguration.swift */,
			);
			path = DetailViewController;
			sourceTree = "<group>";
		};
		C91A69B3293A4E55008B6B52 /* ContentViews */ = {
			isa = PBXGroup;
			children = (
				C91A69B4293A4E7E008B6B52 /* UIView+PinnedSubview.swift */,
				C91A69B6293A847E008B6B52 /* TextFieldContentView.swift */,
				C91A69B8293A951A008B6B52 /* UIContentConfiguration+Stateless.swift */,
				C91A69BA293B65F8008B6B52 /* TextViewContentView.swift */,
				C91A69BC293C2DC1008B6B52 /* DatePickerContentView.swift */,
			);
			path = ContentViews;
			sourceTree = "<group>";
		};
		C949532529329F0B0052DFC6 = {
			isa = PBXGroup;
			children = (
				C949533029329F0B0052DFC6 /* Today */,
				C949534729329F0C0052DFC6 /* TodayTests */,
				C949535129329F0C0052DFC6 /* TodayUITests */,
				C949532F29329F0B0052DFC6 /* Products */,
			);
			sourceTree = "<group>";
		};
		C949532F29329F0B0052DFC6 /* Products */ = {
			isa = PBXGroup;
			children = (
				C949532E29329F0B0052DFC6 /* Today.app */,
				C949534429329F0C0052DFC6 /* TodayTests.xctest */,
				C949534E29329F0C0052DFC6 /* TodayUITests.xctest */,
			);
			name = Products;
			sourceTree = "<group>";
		};
		C949533029329F0B0052DFC6 /* Today */ = {
			isa = PBXGroup;
			children = (
				C91A69B3293A4E55008B6B52 /* ContentViews */,
				C94953612932A0D30052DFC6 /* Models */,
				C949533129329F0B0052DFC6 /* AppDelegate.swift */,
				C949533329329F0B0052DFC6 /* SceneDelegate.swift */,
				C949536B293428BD0052DFC6 /* ReminderDoneButton.swift */,
				C9495366293303910052DFC6 /* ListViewController */,
				C91A69AC29358F28008B6B52 /* DetailViewController */,
				C949533729329F0B0052DFC6 /* Main.storyboard */,
				C949533C29329F0C0052DFC6 /* LaunchScreen.storyboard */,
				C949533F29329F0C0052DFC6 /* Info.plist */,
				C949533A29329F0C0052DFC6 /* Assets.xcassets */,
			);
			path = Today;
			sourceTree = "<group>";
		};
		C949534729329F0C0052DFC6 /* TodayTests */ = {
			isa = PBXGroup;
			children = (
				C949534829329F0C0052DFC6 /* TodayTests.swift */,
			);
			path = TodayTests;
			sourceTree = "<group>";
		};
		C949535129329F0C0052DFC6 /* TodayUITests */ = {
			isa = PBXGroup;
			children = (
				C949535229329F0C0052DFC6 /* TodayUITests.swift */,
				C949535429329F0C0052DFC6 /* TodayUITestsLaunchTests.swift */,
			);
			path = TodayUITests;
			sourceTree = "<group>";
		};
		C94953612932A0D30052DFC6 /* Models */ = {
			isa = PBXGroup;
			children = (
				C949536929330C870052DFC6 /* UIColor+Today.swift */,
				C94953622932A0E50052DFC6 /* Reminder.swift */,
				C9495364293300D20052DFC6 /* Date+Today.swift */,
				C91A69BE293C5850008B6B52 /* ReminderListStyle.swift */,
				C91A69C2293C7291008B6B52 /* CAGradientLayer+ListStyle.swift */,
				C91A69C4293D0919008B6B52 /* TodayError.swift */,
				C91A69C6293D0A29008B6B52 /* EKEventStore+AsyncFetch.swift */,
				C91A69C8293D127E008B6B52 /* Reminder+EKReminder.swift */,
				C91A69CA293D2433008B6B52 /* ReminderStore.swift */,
				C91A69CC293D6732008B6B52 /* EKReminder+Reminder.swift */,
			);
			path = Models;
			sourceTree = "<group>";
		};
		C9495366293303910052DFC6 /* ListViewController */ = {
			isa = PBXGroup;
			children = (
				C949533529329F0B0052DFC6 /* ReminderListViewController.swift */,
				C9495367293305120052DFC6 /* ReminderListViewController+DataSource.swift */,
				C949536D2934297A0052DFC6 /* ReminderListViewController+Actions.swift */,
				C91A69C0293C5E0D008B6B52 /* ProgressHeaderView.swift */,
			);
			path = ListViewController;
			sourceTree = "<group>";
		};
/* End PBXGroup section */

/* Begin PBXNativeTarget section */
		C949532D29329F0B0052DFC6 /* Today */ = {
			isa = PBXNativeTarget;
			buildConfigurationList = C949535829329F0C0052DFC6 /* Build configuration list for PBXNativeTarget "Today" */;
			buildPhases = (
				C949532A29329F0B0052DFC6 /* Sources */,
				C949532B29329F0B0052DFC6 /* Frameworks */,
				C949532C29329F0B0052DFC6 /* Resources */,
			);
			buildRules = (
			);
			dependencies = (
			);
			name = Today;
			productName = Today;
			productReference = C949532E29329F0B0052DFC6 /* Today.app */;
			productType = "com.apple.product-type.application";
		};
		C949534329329F0C0052DFC6 /* TodayTests */ = {
			isa = PBXNativeTarget;
			buildConfigurationList = C949535B29329F0C0052DFC6 /* Build configuration list for PBXNativeTarget "TodayTests" */;
			buildPhases = (
				C949534029329F0C0052DFC6 /* Sources */,
				C949534129329F0C0052DFC6 /* Frameworks */,
				C949534229329F0C0052DFC6 /* Resources */,
			);
			buildRules = (
			);
			dependencies = (
				C949534629329F0C0052DFC6 /* PBXTargetDependency */,
			);
			name = TodayTests;
			productName = TodayTests;
			productReference = C949534429329F0C0052DFC6 /* TodayTests.xctest */;
			productType = "com.apple.product-type.bundle.unit-test";
		};
		C949534D29329F0C0052DFC6 /* TodayUITests */ = {
			isa = PBXNativeTarget;
			buildConfigurationList = C949535E29329F0C0052DFC6 /* Build configuration list for PBXNativeTarget "TodayUITests" */;
			buildPhases = (
				C949534A29329F0C0052DFC6 /* Sources */,
				C949534B29329F0C0052DFC6 /* Frameworks */,
				C949534C29329F0C0052DFC6 /* Resources */,
			);
			buildRules = (
			);
			dependencies = (
				C949535029329F0C0052DFC6 /* PBXTargetDependency */,
			);
			name = TodayUITests;
			productName = TodayUITests;
			productReference = C949534E29329F0C0052DFC6 /* TodayUITests.xctest */;
			productType = "com.apple.product-type.bundle.ui-testing";
		};
/* End PBXNativeTarget section */

/* Begin PBXProject section */
		C949532629329F0B0052DFC6 /* Project object */ = {
			isa = PBXProject;
			attributes = {
				BuildIndependentTargetsInParallel = 1;
				LastSwiftUpdateCheck = 1400;
				LastUpgradeCheck = 1400;
				TargetAttributes = {
					C949532D29329F0B0052DFC6 = {
						CreatedOnToolsVersion = 14.0;
					};
					C949534329329F0C0052DFC6 = {
						CreatedOnToolsVersion = 14.0;
						TestTargetID = C949532D29329F0B0052DFC6;
					};
					C949534D29329F0C0052DFC6 = {
						CreatedOnToolsVersion = 14.0;
						TestTargetID = C949532D29329F0B0052DFC6;
					};
				};
			};
			buildConfigurationList = C949532929329F0B0052DFC6 /* Build configuration list for PBXProject "Today" */;
			compatibilityVersion = "Xcode 14.0";
			developmentRegion = en;
			hasScannedForEncodings = 0;
			knownRegions = (
				en,
				Base,
			);
			mainGroup = C949532529329F0B0052DFC6;
			productRefGroup = C949532F29329F0B0052DFC6 /* Products */;
			projectDirPath = "";
			projectRoot = "";
			targets = (
				C949532D29329F0B0052DFC6 /* Today */,
				C949534329329F0C0052DFC6 /* TodayTests */,
				C949534D29329F0C0052DFC6 /* TodayUITests */,
			);
		};
/* End PBXProject section */

/* Begin PBXResourcesBuildPhase section */
		C949532C29329F0B0052DFC6 /* Resources */ = {
			isa = PBXResourcesBuildPhase;
			buildActionMask = 2147483647;
			files = (
				C949533E29329F0C0052DFC6 /* LaunchScreen.storyboard in Resources */,
				C949533B29329F0C0052DFC6 /* Assets.xcassets in Resources */,
				C949533929329F0B0052DFC6 /* Main.storyboard in Resources */,
			);
			runOnlyForDeploymentPostprocessing = 0;
		};
		C949534229329F0C0052DFC6 /* Resources */ = {
			isa = PBXResourcesBuildPhase;
			buildActionMask = 2147483647;
			files = (
			);
			runOnlyForDeploymentPostprocessing = 0;
		};
		C949534C29329F0C0052DFC6 /* Resources */ = {
			isa = PBXResourcesBuildPhase;
			buildActionMask = 2147483647;
			files = (
			);
			runOnlyForDeploymentPostprocessing = 0;
		};
/* End PBXResourcesBuildPhase section */

/* Begin PBXSourcesBuildPhase section */
		C949532A29329F0B0052DFC6 /* Sources */ = {
			isa = PBXSourcesBuildPhase;
			buildActionMask = 2147483647;
			files = (
				C91A69C1293C5E0D008B6B52 /* ProgressHeaderView.swift in Sources */,
				C91A69B5293A4E7E008B6B52 /* UIView+PinnedSubview.swift in Sources */,
				C91A69B02935B77B008B6B52 /* ReminderViewController+Section.swift in Sources */,
				C91A69BD293C2DC1008B6B52 /* DatePickerContentView.swift in Sources */,
				C949536A29330C870052DFC6 /* UIColor+Today.swift in Sources */,
				C949536E2934297A0052DFC6 /* ReminderListViewController+Actions.swift in Sources */,
				C91A69C5293D0919008B6B52 /* TodayError.swift in Sources */,
				C91A69A9293589DF008B6B52 /* ReminderViewController.swift in Sources */,
				C91A69BF293C5850008B6B52 /* ReminderListStyle.swift in Sources */,
				C91A69B9293A951A008B6B52 /* UIContentConfiguration+Stateless.swift in Sources */,
				C949533629329F0B0052DFC6 /* ReminderListViewController.swift in Sources */,
				C9495365293300D20052DFC6 /* Date+Today.swift in Sources */,
				C91A69B7293A847E008B6B52 /* TextFieldContentView.swift in Sources */,
				C91A69BB293B65F8008B6B52 /* TextViewContentView.swift in Sources */,
				C91A69AE29358F57008B6B52 /* ReminderViewController+Row.swift in Sources */,
				C949536C293428BD0052DFC6 /* ReminderDoneButton.swift in Sources */,
				C949533229329F0B0052DFC6 /* AppDelegate.swift in Sources */,
				C91A69B2293789D5008B6B52 /* ReminderViewController+CellConfiguration.swift in Sources */,
				C949533429329F0B0052DFC6 /* SceneDelegate.swift in Sources */,
				C91A69C9293D127E008B6B52 /* Reminder+EKReminder.swift in Sources */,
				C91A69C7293D0A29008B6B52 /* EKEventStore+AsyncFetch.swift in Sources */,
				C94953632932A0E50052DFC6 /* Reminder.swift in Sources */,
				C91A69C3293C7291008B6B52 /* CAGradientLayer+ListStyle.swift in Sources */,
				C9495368293305120052DFC6 /* ReminderListViewController+DataSource.swift in Sources */,
				C91A69CB293D2433008B6B52 /* ReminderStore.swift in Sources */,
				C91A69CD293D6732008B6B52 /* EKReminder+Reminder.swift in Sources */,
			);
			runOnlyForDeploymentPostprocessing = 0;
		};
		C949534029329F0C0052DFC6 /* Sources */ = {
			isa = PBXSourcesBuildPhase;
			buildActionMask = 2147483647;
			files = (
				C949534929329F0C0052DFC6 /* TodayTests.swift in Sources */,
			);
			runOnlyForDeploymentPostprocessing = 0;
		};
		C949534A29329F0C0052DFC6 /* Sources */ = {
			isa = PBXSourcesBuildPhase;
			buildActionMask = 2147483647;
			files = (
				C949535529329F0C0052DFC6 /* TodayUITestsLaunchTests.swift in Sources */,
				C949535329329F0C0052DFC6 /* TodayUITests.swift in Sources */,
			);
			runOnlyForDeploymentPostprocessing = 0;
		};
/* End PBXSourcesBuildPhase section */

/* Begin PBXTargetDependency section */
		C949534629329F0C0052DFC6 /* PBXTargetDependency */ = {
			isa = PBXTargetDependency;
			target = C949532D29329F0B0052DFC6 /* Today */;
			targetProxy = C949534529329F0C0052DFC6 /* PBXContainerItemProxy */;
		};
		C949535029329F0C0052DFC6 /* PBXTargetDependency */ = {
			isa = PBXTargetDependency;
			target = C949532D29329F0B0052DFC6 /* Today */;
			targetProxy = C949534F29329F0C0052DFC6 /* PBXContainerItemProxy */;
		};
/* End PBXTargetDependency section */

/* Begin PBXVariantGroup section */
		C949533729329F0B0052DFC6 /* Main.storyboard */ = {
			isa = PBXVariantGroup;
			children = (
				C949533829329F0B0052DFC6 /* Base */,
			);
			name = Main.storyboard;
			sourceTree = "<group>";
		};
		C949533C29329F0C0052DFC6 /* LaunchScreen.storyboard */ = {
			isa = PBXVariantGroup;
			children = (
				C949533D29329F0C0052DFC6 /* Base */,
			);
			name = LaunchScreen.storyboard;
			sourceTree = "<group>";
		};
/* End PBXVariantGroup section */

/* Begin XCBuildConfiguration section */
		C949535629329F0C0052DFC6 /* Debug */ = {
			isa = XCBuildConfiguration;
			buildSettings = {
				ALWAYS_SEARCH_USER_PATHS = NO;
				CLANG_ANALYZER_NONNULL = YES;
				CLANG_ANALYZER_NUMBER_OBJECT_CONVERSION = YES_AGGRESSIVE;
				CLANG_CXX_LANGUAGE_STANDARD = "gnu++20";
				CLANG_ENABLE_MODULES = YES;
				CLANG_ENABLE_OBJC_ARC = YES;
				CLANG_ENABLE_OBJC_WEAK = YES;
				CLANG_WARN_BLOCK_CAPTURE_AUTORELEASING = YES;
				CLANG_WARN_BOOL_CONVERSION = YES;
				CLANG_WARN_COMMA = YES;
				CLANG_WARN_CONSTANT_CONVERSION = YES;
				CLANG_WARN_DEPRECATED_OBJC_IMPLEMENTATIONS = YES;
				CLANG_WARN_DIRECT_OBJC_ISA_USAGE = YES_ERROR;
				CLANG_WARN_DOCUMENTATION_COMMENTS = YES;
				CLANG_WARN_EMPTY_BODY = YES;
				CLANG_WARN_ENUM_CONVERSION = YES;
				CLANG_WARN_INFINITE_RECURSION = YES;
				CLANG_WARN_INT_CONVERSION = YES;
				CLANG_WARN_NON_LITERAL_NULL_CONVERSION = YES;
				CLANG_WARN_OBJC_IMPLICIT_RETAIN_SELF = YES;
				CLANG_WARN_OBJC_LITERAL_CONVERSION = YES;
				CLANG_WARN_OBJC_ROOT_CLASS = YES_ERROR;
				CLANG_WARN_QUOTED_INCLUDE_IN_FRAMEWORK_HEADER = YES;
				CLANG_WARN_RANGE_LOOP_ANALYSIS = YES;
				CLANG_WARN_STRICT_PROTOTYPES = YES;
				CLANG_WARN_SUSPICIOUS_MOVE = YES;
				CLANG_WARN_UNGUARDED_AVAILABILITY = YES_AGGRESSIVE;
				CLANG_WARN_UNREACHABLE_CODE = YES;
				CLANG_WARN__DUPLICATE_METHOD_MATCH = YES;
				COPY_PHASE_STRIP = NO;
				DEBUG_INFORMATION_FORMAT = dwarf;
				ENABLE_STRICT_OBJC_MSGSEND = YES;
				ENABLE_TESTABILITY = YES;
				GCC_C_LANGUAGE_STANDARD = gnu11;
				GCC_DYNAMIC_NO_PIC = NO;
				GCC_NO_COMMON_BLOCKS = YES;
				GCC_OPTIMIZATION_LEVEL = 0;
				GCC_PREPROCESSOR_DEFINITIONS = (
					"DEBUG=1",
					"$(inherited)",
				);
				GCC_WARN_64_TO_32_BIT_CONVERSION = YES;
				GCC_WARN_ABOUT_RETURN_TYPE = YES_ERROR;
				GCC_WARN_UNDECLARED_SELECTOR = YES;
				GCC_WARN_UNINITIALIZED_AUTOS = YES_AGGRESSIVE;
				GCC_WARN_UNUSED_FUNCTION = YES;
				GCC_WARN_UNUSED_VARIABLE = YES;
				IPHONEOS_DEPLOYMENT_TARGET = 16.0;
				MTL_ENABLE_DEBUG_INFO = INCLUDE_SOURCE;
				MTL_FAST_MATH = YES;
				ONLY_ACTIVE_ARCH = YES;
				SDKROOT = iphoneos;
				SWIFT_ACTIVE_COMPILATION_CONDITIONS = DEBUG;
				SWIFT_OPTIMIZATION_LEVEL = "-Onone";
			};
			name = Debug;
		};
		C949535729329F0C0052DFC6 /* Release */ = {
			isa = XCBuildConfiguration;
			buildSettings = {
				ALWAYS_SEARCH_USER_PATHS = NO;
				CLANG_ANALYZER_NONNULL = YES;
				CLANG_ANALYZER_NUMBER_OBJECT_CONVERSION = YES_AGGRESSIVE;
				CLANG_CXX_LANGUAGE_STANDARD = "gnu++20";
				CLANG_ENABLE_MODULES = YES;
				CLANG_ENABLE_OBJC_ARC = YES;
				CLANG_ENABLE_OBJC_WEAK = YES;
				CLANG_WARN_BLOCK_CAPTURE_AUTORELEASING = YES;
				CLANG_WARN_BOOL_CONVERSION = YES;
				CLANG_WARN_COMMA = YES;
				CLANG_WARN_CONSTANT_CONVERSION = YES;
				CLANG_WARN_DEPRECATED_OBJC_IMPLEMENTATIONS = YES;
				CLANG_WARN_DIRECT_OBJC_ISA_USAGE = YES_ERROR;
				CLANG_WARN_DOCUMENTATION_COMMENTS = YES;
				CLANG_WARN_EMPTY_BODY = YES;
				CLANG_WARN_ENUM_CONVERSION = YES;
				CLANG_WARN_INFINITE_RECURSION = YES;
				CLANG_WARN_INT_CONVERSION = YES;
				CLANG_WARN_NON_LITERAL_NULL_CONVERSION = YES;
				CLANG_WARN_OBJC_IMPLICIT_RETAIN_SELF = YES;
				CLANG_WARN_OBJC_LITERAL_CONVERSION = YES;
				CLANG_WARN_OBJC_ROOT_CLASS = YES_ERROR;
				CLANG_WARN_QUOTED_INCLUDE_IN_FRAMEWORK_HEADER = YES;
				CLANG_WARN_RANGE_LOOP_ANALYSIS = YES;
				CLANG_WARN_STRICT_PROTOTYPES = YES;
				CLANG_WARN_SUSPICIOUS_MOVE = YES;
				CLANG_WARN_UNGUARDED_AVAILABILITY = YES_AGGRESSIVE;
				CLANG_WARN_UNREACHABLE_CODE = YES;
				CLANG_WARN__DUPLICATE_METHOD_MATCH = YES;
				COPY_PHASE_STRIP = NO;
				DEBUG_INFORMATION_FORMAT = "dwarf-with-dsym";
				ENABLE_NS_ASSERTIONS = NO;
				ENABLE_STRICT_OBJC_MSGSEND = YES;
				GCC_C_LANGUAGE_STANDARD = gnu11;
				GCC_NO_COMMON_BLOCKS = YES;
				GCC_WARN_64_TO_32_BIT_CONVERSION = YES;
				GCC_WARN_ABOUT_RETURN_TYPE = YES_ERROR;
				GCC_WARN_UNDECLARED_SELECTOR = YES;
				GCC_WARN_UNINITIALIZED_AUTOS = YES_AGGRESSIVE;
				GCC_WARN_UNUSED_FUNCTION = YES;
				GCC_WARN_UNUSED_VARIABLE = YES;
				IPHONEOS_DEPLOYMENT_TARGET = 16.0;
				MTL_ENABLE_DEBUG_INFO = NO;
				MTL_FAST_MATH = YES;
				SDKROOT = iphoneos;
				SWIFT_COMPILATION_MODE = wholemodule;
				SWIFT_OPTIMIZATION_LEVEL = "-O";
				VALIDATE_PRODUCT = YES;
			};
			name = Release;
		};
		C949535929329F0C0052DFC6 /* Debug */ = {
			isa = XCBuildConfiguration;
			buildSettings = {
				ASSETCATALOG_COMPILER_APPICON_NAME = AppIcon;
				ASSETCATALOG_COMPILER_GLOBAL_ACCENT_COLOR_NAME = AccentColor;
				CODE_SIGN_STYLE = Automatic;
				CURRENT_PROJECT_VERSION = 1;
				GENERATE_INFOPLIST_FILE = YES;
				INFOPLIST_FILE = Today/Info.plist;
				INFOPLIST_KEY_NSRemindersUsageDescription = "Your Reminders can help you stay on track";
				INFOPLIST_KEY_UIApplicationSupportsIndirectInputEvents = YES;
				INFOPLIST_KEY_UILaunchStoryboardName = LaunchScreen;
				INFOPLIST_KEY_UIMainStoryboardFile = Main;
				INFOPLIST_KEY_UISupportedInterfaceOrientations_iPad = "UIInterfaceOrientationPortrait UIInterfaceOrientationPortraitUpsideDown UIInterfaceOrientationLandscapeLeft UIInterfaceOrientationLandscapeRight";
				INFOPLIST_KEY_UISupportedInterfaceOrientations_iPhone = "UIInterfaceOrientationPortrait UIInterfaceOrientationLandscapeLeft UIInterfaceOrientationLandscapeRight";
				LD_RUNPATH_SEARCH_PATHS = (
					"$(inherited)",
					"@executable_path/Frameworks",
				);
				MARKETING_VERSION = 1.0;
				PRODUCT_BUNDLE_IDENTIFIER = com.pragatha.servicesideui.Today;
				PRODUCT_NAME = "$(TARGET_NAME)";
				SWIFT_EMIT_LOC_STRINGS = YES;
				SWIFT_VERSION = 5.0;
				TARGETED_DEVICE_FAMILY = "1,2";
			};
			name = Debug;
		};
		C949535A29329F0C0052DFC6 /* Release */ = {
			isa = XCBuildConfiguration;
			buildSettings = {
				ASSETCATALOG_COMPILER_APPICON_NAME = AppIcon;
				ASSETCATALOG_COMPILER_GLOBAL_ACCENT_COLOR_NAME = AccentColor;
				CODE_SIGN_STYLE = Automatic;
				CURRENT_PROJECT_VERSION = 1;
				GENERATE_INFOPLIST_FILE = YES;
				INFOPLIST_FILE = Today/Info.plist;
				INFOPLIST_KEY_NSRemindersUsageDescription = "Your Reminders can help you stay on track";
				INFOPLIST_KEY_UIApplicationSupportsIndirectInputEvents = YES;
				INFOPLIST_KEY_UILaunchStoryboardName = LaunchScreen;
				INFOPLIST_KEY_UIMainStoryboardFile = Main;
				INFOPLIST_KEY_UISupportedInterfaceOrientations_iPad = "UIInterfaceOrientationPortrait UIInterfaceOrientationPortraitUpsideDown UIInterfaceOrientationLandscapeLeft UIInterfaceOrientationLandscapeRight";
				INFOPLIST_KEY_UISupportedInterfaceOrientations_iPhone = "UIInterfaceOrientationPortrait UIInterfaceOrientationLandscapeLeft UIInterfaceOrientationLandscapeRight";
				LD_RUNPATH_SEARCH_PATHS = (
					"$(inherited)",
					"@executable_path/Frameworks",
				);
				MARKETING_VERSION = 1.0;
				PRODUCT_BUNDLE_IDENTIFIER = com.pragatha.servicesideui.Today;
				PRODUCT_NAME = "$(TARGET_NAME)";
				SWIFT_EMIT_LOC_STRINGS = YES;
				SWIFT_VERSION = 5.0;
				TARGETED_DEVICE_FAMILY = "1,2";
			};
			name = Release;
		};
		C949535C29329F0C0052DFC6 /* Debug */ = {
			isa = XCBuildConfiguration;
			buildSettings = {
				ALWAYS_EMBED_SWIFT_STANDARD_LIBRARIES = YES;
				BUNDLE_LOADER = "$(TEST_HOST)";
				CODE_SIGN_STYLE = Automatic;
				CURRENT_PROJECT_VERSION = 1;
				GENERATE_INFOPLIST_FILE = YES;
				IPHONEOS_DEPLOYMENT_TARGET = 16.0;
				MARKETING_VERSION = 1.0;
				PRODUCT_BUNDLE_IDENTIFIER = com.pragatha.servicesideui.TodayTests;
				PRODUCT_NAME = "$(TARGET_NAME)";
				SWIFT_EMIT_LOC_STRINGS = NO;
				SWIFT_VERSION = 5.0;
				TARGETED_DEVICE_FAMILY = "1,2";
				TEST_HOST = "$(BUILT_PRODUCTS_DIR)/Today.app/$(BUNDLE_EXECUTABLE_FOLDER_PATH)/Today";
			};
			name = Debug;
		};
		C949535D29329F0C0052DFC6 /* Release */ = {
			isa = XCBuildConfiguration;
			buildSettings = {
				ALWAYS_EMBED_SWIFT_STANDARD_LIBRARIES = YES;
				BUNDLE_LOADER = "$(TEST_HOST)";
				CODE_SIGN_STYLE = Automatic;
				CURRENT_PROJECT_VERSION = 1;
				GENERATE_INFOPLIST_FILE = YES;
				IPHONEOS_DEPLOYMENT_TARGET = 16.0;
				MARKETING_VERSION = 1.0;
				PRODUCT_BUNDLE_IDENTIFIER = com.pragatha.servicesideui.TodayTests;
				PRODUCT_NAME = "$(TARGET_NAME)";
				SWIFT_EMIT_LOC_STRINGS = NO;
				SWIFT_VERSION = 5.0;
				TARGETED_DEVICE_FAMILY = "1,2";
				TEST_HOST = "$(BUILT_PRODUCTS_DIR)/Today.app/$(BUNDLE_EXECUTABLE_FOLDER_PATH)/Today";
			};
			name = Release;
		};
		C949535F29329F0C0052DFC6 /* Debug */ = {
			isa = XCBuildConfiguration;
			buildSettings = {
				ALWAYS_EMBED_SWIFT_STANDARD_LIBRARIES = YES;
				CODE_SIGN_STYLE = Automatic;
				CURRENT_PROJECT_VERSION = 1;
				GENERATE_INFOPLIST_FILE = YES;
				MARKETING_VERSION = 1.0;
				PRODUCT_BUNDLE_IDENTIFIER = com.pragatha.servicesideui.TodayUITests;
				PRODUCT_NAME = "$(TARGET_NAME)";
				SWIFT_EMIT_LOC_STRINGS = NO;
				SWIFT_VERSION = 5.0;
				TARGETED_DEVICE_FAMILY = "1,2";
				TEST_TARGET_NAME = Today;
			};
			name = Debug;
		};
		C949536029329F0C0052DFC6 /* Release */ = {
			isa = XCBuildConfiguration;
			buildSettings = {
				ALWAYS_EMBED_SWIFT_STANDARD_LIBRARIES = YES;
				CODE_SIGN_STYLE = Automatic;
				CURRENT_PROJECT_VERSION = 1;
				GENERATE_INFOPLIST_FILE = YES;
				MARKETING_VERSION = 1.0;
				PRODUCT_BUNDLE_IDENTIFIER = com.pragatha.servicesideui.TodayUITests;
				PRODUCT_NAME = "$(TARGET_NAME)";
				SWIFT_EMIT_LOC_STRINGS = NO;
				SWIFT_VERSION = 5.0;
				TARGETED_DEVICE_FAMILY = "1,2";
				TEST_TARGET_NAME = Today;
			};
			name = Release;
		};
/* End XCBuildConfiguration section */

/* Begin XCConfigurationList section */
		C949532929329F0B0052DFC6 /* Build configuration list for PBXProject "Today" */ = {
			isa = XCConfigurationList;
			buildConfigurations = (
				C949535629329F0C0052DFC6 /* Debug */,
				C949535729329F0C0052DFC6 /* Release */,
			);
			defaultConfigurationIsVisible = 0;
			defaultConfigurationName = Release;
		};
		C949535829329F0C0052DFC6 /* Build configuration list for PBXNativeTarget "Today" */ = {
			isa = XCConfigurationList;
			buildConfigurations = (
				C949535929329F0C0052DFC6 /* Debug */,
				C949535A29329F0C0052DFC6 /* Release */,
			);
			defaultConfigurationIsVisible = 0;
			defaultConfigurationName = Release;
		};
		C949535B29329F0C0052DFC6 /* Build configuration list for PBXNativeTarget "TodayTests" */ = {
			isa = XCConfigurationList;
			buildConfigurations = (
				C949535C29329F0C0052DFC6 /* Debug */,
				C949535D29329F0C0052DFC6 /* Release */,
			);
			defaultConfigurationIsVisible = 0;
			defaultConfigurationName = Release;
		};
		C949535E29329F0C0052DFC6 /* Build configuration list for PBXNativeTarget "TodayUITests" */ = {
			isa = XCConfigurationList;
			buildConfigurations = (
				C949535F29329F0C0052DFC6 /* Debug */,
				C949536029329F0C0052DFC6 /* Release */,
			);
			defaultConfigurationIsVisible = 0;
			defaultConfigurationName = Release;
		};
/* End XCConfigurationList section */
	};
	rootObject = C949532629329F0B0052DFC6 /* Project object */;
}
